
Microsoft Visual Studio Solution File, Format Version 12.00
Project("{FAE04EC0-301F-11D3-BF4B-00C04F79EFBC}") = "HotelListing", "HotelListing\HotelListing.csproj", "{3B6C2E0D-8E64-4453-8E9A-468CCCCE8406}"
EndProject
Global
	GlobalSection(SolutionConfigurationPlatforms) = preSolution
		Debug|Any CPU = Debug|Any CPU
		Release|Any CPU = Release|Any CPU
	EndGlobalSection
	GlobalSection(ProjectConfigurationPlatforms) = postSolution
		{3B6C2E0D-8E64-4453-8E9A-468CCCCE8406}.Debug|Any CPU.ActiveCfg = Debug|Any CPU
		{3B6C2E0D-8E64-4453-8E9A-468CCCCE8406}.Debug|Any CPU.Build.0 = Debug|Any CPU
		{3B6C2E0D-8E64-4453-8E9A-468CCCCE8406}.Release|Any CPU.ActiveCfg = Release|Any CPU
		{3B6C2E0D-8E64-4453-8E9A-468CCCCE8406}.Release|Any CPU.Build.0 = Release|Any CPU
	EndGlobalSection
EndGlobal
